
Microsoft Visual Studio Solution File, Format Version 12.00
# Visual Studio 2013
VisualStudioVersion = 12.0.31101.0
MinimumVisualStudioVersion = 10.0.40219.1
Project("{D2ABAB84-BF74-430A-B69E-9DC6D40DDA17}") = "studentci -test", "studentci -test\studentci -test.dwproj", "{334F7318-72B0-45D8-8F0B-697D3784A6B7}"
EndProject
Global
	GlobalSection(SolutionConfigurationPlatforms) = preSolution
		Development|Default = Development|Default
	EndGlobalSection
	GlobalSection(ProjectConfigurationPlatforms) = postSolution
		{334F7318-72B0-45D8-8F0B-697D3784A6B7}.Development|Default.ActiveCfg = Development
		{334F7318-72B0-45D8-8F0B-697D3784A6B7}.Development|Default.Build.0 = Development
		{334F7318-72B0-45D8-8F0B-697D3784A6B7}.Development|Default.Deploy.0 = Development
	EndGlobalSection
	GlobalSection(SolutionProperties) = preSolution
		HideSolutionNode = FALSE
	EndGlobalSection
EndGlobal
